
Microsoft Visual Studio Solution File, Format Version 12.00
# Visual Studio Version 17
VisualStudioVersion = 17.3.32929.385
MinimumVisualStudioVersion = 10.0.40219.1
Project("{FAE04EC0-301F-11D3-BF4B-00C04F79EFBC}") = "RandomDigit", "RandomDigit\RandomDigit.csproj", "{3572E1F5-F2AF-47AC-9239-D4CBE13D200C}"
EndProject
Global
	GlobalSection(SolutionConfigurationPlatforms) = preSolution
		Debug|Any CPU = Debug|Any CPU
		Release|Any CPU = Release|Any CPU
	EndGlobalSection
	GlobalSection(ProjectConfigurationPlatforms) = postSolution
		{3572E1F5-F2AF-47AC-9239-D4CBE13D200C}.Debug|Any CPU.ActiveCfg = Debug|Any CPU
		{3572E1F5-F2AF-47AC-9239-D4CBE13D200C}.Debug|Any CPU.Build.0 = Debug|Any CPU
		{3572E1F5-F2AF-47AC-9239-D4CBE13D200C}.Release|Any CPU.ActiveCfg = Release|Any CPU
		{3572E1F5-F2AF-47AC-9239-D4CBE13D200C}.Release|Any CPU.Build.0 = Release|Any CPU
	EndGlobalSection
	GlobalSection(SolutionProperties) = preSolution
		HideSolutionNode = FALSE
	EndGlobalSection
	GlobalSection(ExtensibilityGlobals) = postSolution
		SolutionGuid = {DC1F6755-C348-40EA-9FC6-7751C23F2592}
	EndGlobalSection
EndGlobal
